
Microsoft Visual Studio Solution File, Format Version 12.00
# Visual Studio Version 17
VisualStudioVersion = 17.0.31903.59
MinimumVisualStudioVersion = 10.0.40219.1
Project("{2150E333-8FDC-42A3-9474-1A3956D46DE8}") = "SoccerApi", "SoccerApi", "{F795FBD8-A365-1232-E1A5-4EFD209D197C}"
EndProject
Project("{FAE04EC0-301F-11D3-BF4B-00C04F79EFBC}") = "Web", "SoccerApi\Web\Web.csproj", "{163D7ECF-18E4-4D23-A2D0-5D2F42499269}"
EndProject
Global
	GlobalSection(SolutionConfigurationPlatforms) = preSolution
		Debug|Any CPU = Debug|Any CPU
		Debug|x64 = Debug|x64
		Debug|x86 = Debug|x86
		Release|Any CPU = Release|Any CPU
		Release|x64 = Release|x64
		Release|x86 = Release|x86
	EndGlobalSection
	GlobalSection(ProjectConfigurationPlatforms) = postSolution
		{163D7ECF-18E4-4D23-A2D0-5D2F42499269}.Debug|Any CPU.ActiveCfg = Debug|Any CPU
		{163D7ECF-18E4-4D23-A2D0-5D2F42499269}.Debug|Any CPU.Build.0 = Debug|Any CPU
		{163D7ECF-18E4-4D23-A2D0-5D2F42499269}.Debug|x64.ActiveCfg = Debug|Any CPU
		{163D7ECF-18E4-4D23-A2D0-5D2F42499269}.Debug|x64.Build.0 = Debug|Any CPU
		{163D7ECF-18E4-4D23-A2D0-5D2F42499269}.Debug|x86.ActiveCfg = Debug|Any CPU
		{163D7ECF-18E4-4D23-A2D0-5D2F42499269}.Debug|x86.Build.0 = Debug|Any CPU
		{163D7ECF-18E4-4D23-A2D0-5D2F42499269}.Release|Any CPU.ActiveCfg = Release|Any CPU
		{163D7ECF-18E4-4D23-A2D0-5D2F42499269}.Release|Any CPU.Build.0 = Release|Any CPU
		{163D7ECF-18E4-4D23-A2D0-5D2F42499269}.Release|x64.ActiveCfg = Release|Any CPU
		{163D7ECF-18E4-4D23-A2D0-5D2F42499269}.Release|x64.Build.0 = Release|Any CPU
		{163D7ECF-18E4-4D23-A2D0-5D2F42499269}.Release|x86.ActiveCfg = Release|Any CPU
		{163D7ECF-18E4-4D23-A2D0-5D2F42499269}.Release|x86.Build.0 = Release|Any CPU
	EndGlobalSection
	GlobalSection(SolutionProperties) = preSolution
		HideSolutionNode = FALSE
	EndGlobalSection
	GlobalSection(NestedProjects) = preSolution
		{163D7ECF-18E4-4D23-A2D0-5D2F42499269} = {F795FBD8-A365-1232-E1A5-4EFD209D197C}
	EndGlobalSection
EndGlobal
